// !$*UTF8*$!
{
	archiveVersion = 1;
	classes = {
	};
	objectVersion = 46;
	objects = {

/* Begin PBXBuildFile section */
		3E12C4531BCF5E80005B4ED7 /* AppDelegate.swift in Sources */ = {isa = PBXBuildFile; fileRef = 3E12C4521BCF5E80005B4ED7 /* AppDelegate.swift */; };
		3E12C4551BCF5E80005B4ED7 /* ViewController.swift in Sources */ = {isa = PBXBuildFile; fileRef = 3E12C4541BCF5E80005B4ED7 /* ViewController.swift */; };
		3E12C4581BCF5E80005B4ED7 /* Main.storyboard in Resources */ = {isa = PBXBuildFile; fileRef = 3E12C4561BCF5E80005B4ED7 /* Main.storyboard */; };
		3E12C45A1BCF5E80005B4ED7 /* Assets.xcassets in Resources */ = {isa = PBXBuildFile; fileRef = 3E12C4591BCF5E80005B4ED7 /* Assets.xcassets */; };
		3E12C45D1BCF5E80005B4ED7 /* LaunchScreen.storyboard in Resources */ = {isa = PBXBuildFile; fileRef = 3E12C45B1BCF5E80005B4ED7 /* LaunchScreen.storyboard */; };
		3E2ECF6B1BD1D8B9002C986C /* Localizable.strings in Resources */ = {isa = PBXBuildFile; fileRef = 3E2ECF6D1BD1D8B9002C986C /* Localizable.strings */; };
/* End PBXBuildFile section */

/* Begin PBXFileReference section */
		3E12C44F1BCF5E80005B4ED7 /* Internationalization.app */ = {isa = PBXFileReference; explicitFileType = wrapper.application; includeInIndex = 0; path = Internationalization.app; sourceTree = BUILT_PRODUCTS_DIR; };
		3E12C4521BCF5E80005B4ED7 /* AppDelegate.swift */ = {isa = PBXFileReference; lastKnownFileType = sourcecode.swift; path = AppDelegate.swift; sourceTree = "<group>"; };
		3E12C4541BCF5E80005B4ED7 /* ViewController.swift */ = {isa = PBXFileReference; lastKnownFileType = sourcecode.swift; path = ViewController.swift; sourceTree = "<group>"; };
		3E12C4571BCF5E80005B4ED7 /* Base */ = {isa = PBXFileReference; lastKnownFileType = file.storyboard; name = Base; path = Base.lproj/Main.storyboard; sourceTree = "<group>"; };
		3E12C4591BCF5E80005B4ED7 /* Assets.xcassets */ = {isa = PBXFileReference; lastKnownFileType = folder.assetcatalog; path = Assets.xcassets; sourceTree = "<group>"; };
		3E12C45C1BCF5E80005B4ED7 /* Base */ = {isa = PBXFileReference; lastKnownFileType = file.storyboard; name = Base; path = Base.lproj/LaunchScreen.storyboard; sourceTree = "<group>"; };
		3E12C45E1BCF5E80005B4ED7 /* Info.plist */ = {isa = PBXFileReference; lastKnownFileType = text.plist.xml; path = Info.plist; sourceTree = "<group>"; };
		3E2ECF6C1BD1D8B9002C986C /* Base */ = {isa = PBXFileReference; lastKnownFileType = text.plist.strings; name = Base; path = Base.lproj/Localizable.strings; sourceTree = "<group>"; };
		3E2ECF6E1BD1D916002C986C /* ja */ = {isa = PBXFileReference; lastKnownFileType = text.plist.strings; name = ja; path = ja.lproj/Main.strings; sourceTree = "<group>"; };
		3E2ECF6F1BD1D917002C986C /* ja */ = {isa = PBXFileReference; lastKnownFileType = text.plist.strings; name = ja; path = ja.lproj/Localizable.strings; sourceTree = "<group>"; };
/* End PBXFileReference section */

/* Begin PBXFrameworksBuildPhase section */
		3E12C44C1BCF5E80005B4ED7 /* Frameworks */ = {
			isa = PBXFrameworksBuildPhase;
			buildActionMask = 2147483647;
			files = (
			);
			runOnlyForDeploymentPostprocessing = 0;
		};
/* End PBXFrameworksBuildPhase section */

/* Begin PBXGroup section */
		3E12C4461BCF5E80005B4ED7 = {
			isa = PBXGroup;
			children = (
				3E2ECF6D1BD1D8B9002C986C /* Localizable.strings */,
				3E12C4511BCF5E80005B4ED7 /* Internationalization */,
				3E12C4501BCF5E80005B4ED7 /* Products */,
			);
			sourceTree = "<group>";
		};
		3E12C4501BCF5E80005B4ED7 /* Products */ = {
			isa = PBXGroup;
			children = (
				3E12C44F1BCF5E80005B4ED7 /* Internationalization.app */,
			);
			name = Products;
			sourceTree = "<group>";
		};
		3E12C4511BCF5E80005B4ED7 /* Internationalization */ = {
			isa = PBXGroup;
			children = (
				3E12C4521BCF5E80005B4ED7 /* AppDelegate.swift */,
				3E12C4541BCF5E80005B4ED7 /* ViewController.swift */,
				3E12C4561BCF5E80005B4ED7 /* Main.storyboard */,
				3E12C4591BCF5E80005B4ED7 /* Assets.xcassets */,
				3E12C45B1BCF5E80005B4ED7 /* LaunchScreen.storyboard */,
				3E12C45E1BCF5E80005B4ED7 /* Info.plist */,
			);
			path = Internationalization;
			sourceTree = "<group>";
		};
/* End PBXGroup section */

/* Begin PBXNativeTarget section */
		3E12C44E1BCF5E80005B4ED7 /* Internationalization */ = {
			isa = PBXNativeTarget;
			buildConfigurationList = 3E12C4611BCF5E80005B4ED7 /* Build configuration list for PBXNativeTarget "Internationalization" */;
			buildPhases = (
				3E12C44B1BCF5E80005B4ED7 /* Sources */,
				3E12C44C1BCF5E80005B4ED7 /* Frameworks */,
				3E12C44D1BCF5E80005B4ED7 /* Resources */,
			);
			buildRules = (
			);
			dependencies = (
			);
			name = Internationalization;
			productName = Internationalization;
			productReference = 3E12C44F1BCF5E80005B4ED7 /* Internationalization.app */;
			productType = "com.apple.product-type.application";
		};
/* End PBXNativeTarget section */

/* Begin PBXProject section */
		3E12C4471BCF5E80005B4ED7 /* Project object */ = {
			isa = PBXProject;
			attributes = {
				LastUpgradeCheck = 0700;
				ORGANIZATIONNAME = shoeisha;
				TargetAttributes = {
					3E12C44E1BCF5E80005B4ED7 = {
						CreatedOnToolsVersion = 7.0.1;
					};
				};
			};
			buildConfigurationList = 3E12C44A1BCF5E80005B4ED7 /* Build configuration list for PBXProject "Internationalization" */;
			compatibilityVersion = "Xcode 3.2";
			developmentRegion = English;
			hasScannedForEncodings = 0;
			knownRegions = (
				en,
				Base,
				ja,
			);
			mainGroup = 3E12C4461BCF5E80005B4ED7;
			productRefGroup = 3E12C4501BCF5E80005B4ED7 /* Products */;
			projectDirPath = "";
			projectRoot = "";
			targets = (
				3E12C44E1BCF5E80005B4ED7 /* Internationalization */,
			);
		};
/* End PBXProject section */

/* Begin PBXResourcesBuildPhase section */
		3E12C44D1BCF5E80005B4ED7 /* Resources */ = {
			isa = PBXResourcesBuildPhase;
			buildActionMask = 2147483647;
			files = (
				3E12C45D1BCF5E80005B4ED7 /* LaunchScreen.storyboard in Resources */,
				3E2ECF6B1BD1D8B9002C986C /* Localizable.strings in Resources */,
				3E12C45A1BCF5E80005B4ED7 /* Assets.xcassets in Resources */,
				3E12C4581BCF5E80005B4ED7 /* Main.storyboard in Resources */,
			);
			runOnlyForDeploymentPostprocessing = 0;
		};
/* End PBXResourcesBuildPhase section */

/* Begin PBXSourcesBuildPhase section */
		3E12C44B1BCF5E80005B4ED7 /* Sources */ = {
			isa = PBXSourcesBuildPhase;
			buildActionMask = 2147483647;
			files = (
				3E12C4551BCF5E80005B4ED7 /* ViewController.swift in Sources */,
				3E12C4531BCF5E80005B4ED7 /* AppDelegate.swift in Sources */,
			);
			runOnlyForDeploymentPostprocessing = 0;
		};
/* End PBXSourcesBuildPhase section */

/* Begin PBXVariantGroup section */
		3E12C4561BCF5E80005B4ED7 /* Main.storyboard */ = {
			isa = PBXVariantGroup;
			children = (
				3E12C4571BCF5E80005B4ED7 /* Base */,
				3E2ECF6E1BD1D916002C986C /* ja */,
			);
			name = Main.storyboard;
			sourceTree = "<group>";
		};
		3E12C45B1BCF5E80005B4ED7 /* LaunchScreen.storyboard */ = {
			isa = PBXVariantGroup;
			children = (
				3E12C45C1BCF5E80005B4ED7 /* Base */,
			);
			name = LaunchScreen.storyboard;
			sourceTree = "<group>";
		};
		3E2ECF6D1BD1D8B9002C986C /* Localizable.strings */ = {
			isa = PBXVariantGroup;
			children = (
				3E2ECF6C1BD1D8B9002C986C /* Base */,
				3E2ECF6F1BD1D917002C986C /* ja */,
			);
			name = Localizable.strings;
			path = Internationalization;
			sourceTree = "<group>";
		};
/* End PBXVariantGroup section */

/* Begin XCBuildConfiguration section */
		3E12C45F1BCF5E80005B4ED7 /* Debug */ = {
			isa = XCBuildConfiguration;
			buildSettings = {
				ALWAYS_SEARCH_USER_PATHS = NO;
				CLANG_CXX_LANGUAGE_STANDARD = "gnu++0x";
				CLANG_CXX_LIBRARY = "libc++";
				CLANG_ENABLE_MODULES = YES;
				CLANG_ENABLE_OBJC_ARC = YES;
				CLANG_WARN_BOOL_CONVERSION = YES;
				CLANG_WARN_CONSTANT_CONVERSION = YES;
				CLANG_WARN_DIRECT_OBJC_ISA_USAGE = YES_ERROR;
				CLANG_WARN_EMPTY_BODY = YES;
				CLANG_WARN_ENUM_CONVERSION = YES;
				CLANG_WARN_INT_CONVERSION = YES;
				CLANG_WARN_OBJC_ROOT_CLASS = YES_ERROR;
				CLANG_WARN_UNREACHABLE_CODE = YES;
				CLANG_WARN__DUPLICATE_METHOD_MATCH = YES;
				"CODE_SIGN_IDENTITY[sdk=iphoneos*]" = "iPhone Developer";
				COPY_PHASE_STRIP = NO;
				DEBUG_INFORMATION_FORMAT = dwarf;
				ENABLE_STRICT_OBJC_MSGSEND = YES;
				ENABLE_TESTABILITY = YES;
				GCC_C_LANGUAGE_STANDARD = gnu99;
				GCC_DYNAMIC_NO_PIC = NO;
				GCC_NO_COMMON_BLOCKS = YES;
				GCC_OPTIMIZATION_LEVEL = 0;
				GCC_PREPROCESSOR_DEFINITIONS = (
					"DEBUG=1",
					"$(inherited)",
				);
				GCC_WARN_64_TO_32_BIT_CONVERSION = YES;
				GCC_WARN_ABOUT_RETURN_TYPE = YES_ERROR;
				GCC_WARN_UNDECLARED_SELECTOR = YES;
				GCC_WARN_UNINITIALIZED_AUTOS = YES_AGGRESSIVE;
				GCC_WARN_UNUSED_FUNCTION = YES;
				GCC_WARN_UNUSED_VARIABLE = YES;
				IPHONEOS_DEPLOYMENT_TARGET = 9.0;
				MTL_ENABLE_DEBUG_INFO = YES;
				ONLY_ACTIVE_ARCH = YES;
				SDKROOT = iphoneos;
				SWIFT_OPTIMIZATION_LEVEL = "-Onone";
			};
			name = Debug;
		};
		3E12C4601BCF5E80005B4ED7 /* Release */ = {
			isa = XCBuildConfiguration;
			buildSettings = {
				ALWAYS_SEARCH_USER_PATHS = NO;
				CLANG_CXX_LANGUAGE_STANDARD = "gnu++0x";
				CLANG_CXX_LIBRARY = "libc++";
				CLANG_ENABLE_MODULES = YES;
				CLANG_ENABLE_OBJC_ARC = YES;
				CLANG_WARN_BOOL_CONVERSION = YES;
				CLANG_WARN_CONSTANT_CONVERSION = YES;
				CLANG_WARN_DIRECT_OBJC_ISA_USAGE = YES_ERROR;
				CLANG_WARN_EMPTY_BODY = YES;
				CLANG_WARN_ENUM_CONVERSION = YES;
				CLANG_WARN_INT_CONVERSION = YES;
				CLANG_WARN_OBJC_ROOT_CLASS = YES_ERROR;
				CLANG_WARN_UNREACHABLE_CODE = YES;
				CLANG_WARN__DUPLICATE_METHOD_MATCH = YES;
				"CODE_SIGN_IDENTITY[sdk=iphoneos*]" = "iPhone Developer";
				COPY_PHASE_STRIP = NO;
				DEBUG_INFORMATION_FORMAT = "dwarf-with-dsym";
				ENABLE_NS_ASSERTIONS = NO;
				ENABLE_STRICT_OBJC_MSGSEND = YES;
				GCC_C_LANGUAGE_STANDARD = gnu99;
				GCC_NO_COMMON_BLOCKS = YES;
				GCC_WARN_64_TO_32_BIT_CONVERSION = YES;
				GCC_WARN_ABOUT_RETURN_TYPE = YES_ERROR;
				GCC_WARN_UNDECLARED_SELECTOR = YES;
				GCC_WARN_UNINITIALIZED_AUTOS = YES_AGGRESSIVE;
				GCC_WARN_UNUSED_FUNCTION = YES;
				GCC_WARN_UNUSED_VARIABLE = YES;
				IPHONEOS_DEPLOYMENT_TARGET = 9.0;
				MTL_ENABLE_DEBUG_INFO = NO;
				SDKROOT = iphoneos;
				VALIDATE_PRODUCT = YES;
			};
			name = Release;
		};
		3E12C4621BCF5E80005B4ED7 /* Debug */ = {
			isa = XCBuildConfiguration;
			buildSettings = {
				ASSETCATALOG_COMPILER_APPICON_NAME = AppIcon;
				INFOPLIST_FILE = Internationalization/Info.plist;
				LD_RUNPATH_SEARCH_PATHS = "$(inherited) @executable_path/Frameworks";
				PRODUCT_BUNDLE_IDENTIFIER = jp.co.shoeisha.swiftbook.Internationalization;
				PRODUCT_NAME = "$(TARGET_NAME)";
			};
			name = Debug;
		};
		3E12C4631BCF5E80005B4ED7 /* Release */ = {
			isa = XCBuildConfiguration;
			buildSettings = {
				ASSETCATALOG_COMPILER_APPICON_NAME = AppIcon;
				INFOPLIST_FILE = Internationalization/Info.plist;
				LD_RUNPATH_SEARCH_PATHS = "$(inherited) @executable_path/Frameworks";
				PRODUCT_BUNDLE_IDENTIFIER = jp.co.shoeisha.swiftbook.Internationalization;
				PRODUCT_NAME = "$(TARGET_NAME)";
			};
			name = Release;
		};
/* End XCBuildConfiguration section */

/* Begin XCConfigurationList section */
		3E12C44A1BCF5E80005B4ED7 /* Build configuration list for PBXProject "Internationalization" */ = {
			isa = XCConfigurationList;
			buildConfigurations = (
				3E12C45F1BCF5E80005B4ED7 /* Debug */,
				3E12C4601BCF5E80005B4ED7 /* Release */,
			);
			defaultConfigurationIsVisible = 0;
			defaultConfigurationName = Release;
		};
		3E12C4611BCF5E80005B4ED7 /* Build configuration list for PBXNativeTarget "Internationalization" */ = {
			isa = XCConfigurationList;
			buildConfigurations = (
				3E12C4621BCF5E80005B4ED7 /* Debug */,
				3E12C4631BCF5E80005B4ED7 /* Release */,
			);
			defaultConfigurationIsVisible = 0;
			defaultConfigurationName = Release;
		};
/* End XCConfigurationList section */
	};
	rootObject = 3E12C4471BCF5E80005B4ED7 /* Project object */;
}
