// !$*UTF8*$!
{
	archiveVersion = 1;
	classes = {
	};
	objectVersion = 46;
	objects = {

/* Begin PBXBuildFile section */
		3E230B2C1BC887F9000162A3 /* AppDelegate.swift in Sources */ = {isa = PBXBuildFile; fileRef = 3E230B2B1BC887F9000162A3 /* AppDelegate.swift */; };
		3E230B301BC887F9000162A3 /* MovieListViewController.swift in Sources */ = {isa = PBXBuildFile; fileRef = 3E230B2F1BC887F9000162A3 /* MovieListViewController.swift */; };
		3E230B331BC887F9000162A3 /* Main.storyboard in Resources */ = {isa = PBXBuildFile; fileRef = 3E230B311BC887F9000162A3 /* Main.storyboard */; };
		3E230B351BC887F9000162A3 /* Assets.xcassets in Resources */ = {isa = PBXBuildFile; fileRef = 3E230B341BC887F9000162A3 /* Assets.xcassets */; };
		3E230B381BC887F9000162A3 /* LaunchScreen.storyboard in Resources */ = {isa = PBXBuildFile; fileRef = 3E230B361BC887F9000162A3 /* LaunchScreen.storyboard */; };
		3E7E2E061BCEB1EA005415C3 /* MusicListViewController.swift in Sources */ = {isa = PBXBuildFile; fileRef = 3E7E2E051BCEB1EA005415C3 /* MusicListViewController.swift */; };
/* End PBXBuildFile section */

/* Begin PBXFileReference section */
		3E230B281BC887F9000162A3 /* AVPlayer.app */ = {isa = PBXFileReference; explicitFileType = wrapper.application; includeInIndex = 0; path = AVPlayer.app; sourceTree = BUILT_PRODUCTS_DIR; };
		3E230B2B1BC887F9000162A3 /* AppDelegate.swift */ = {isa = PBXFileReference; lastKnownFileType = sourcecode.swift; path = AppDelegate.swift; sourceTree = "<group>"; };
		3E230B2F1BC887F9000162A3 /* MovieListViewController.swift */ = {isa = PBXFileReference; lastKnownFileType = sourcecode.swift; path = MovieListViewController.swift; sourceTree = "<group>"; };
		3E230B321BC887F9000162A3 /* Base */ = {isa = PBXFileReference; lastKnownFileType = file.storyboard; name = Base; path = Base.lproj/Main.storyboard; sourceTree = "<group>"; };
		3E230B341BC887F9000162A3 /* Assets.xcassets */ = {isa = PBXFileReference; lastKnownFileType = folder.assetcatalog; path = Assets.xcassets; sourceTree = "<group>"; };
		3E230B371BC887F9000162A3 /* Base */ = {isa = PBXFileReference; lastKnownFileType = file.storyboard; name = Base; path = Base.lproj/LaunchScreen.storyboard; sourceTree = "<group>"; };
		3E230B391BC887F9000162A3 /* Info.plist */ = {isa = PBXFileReference; lastKnownFileType = text.plist.xml; path = Info.plist; sourceTree = "<group>"; };
		3E7E2E051BCEB1EA005415C3 /* MusicListViewController.swift */ = {isa = PBXFileReference; fileEncoding = 4; lastKnownFileType = sourcecode.swift; path = MusicListViewController.swift; sourceTree = "<group>"; };
/* End PBXFileReference section */

/* Begin PBXFrameworksBuildPhase section */
		3E230B251BC887F9000162A3 /* Frameworks */ = {
			isa = PBXFrameworksBuildPhase;
			buildActionMask = 2147483647;
			files = (
			);
			runOnlyForDeploymentPostprocessing = 0;
		};
/* End PBXFrameworksBuildPhase section */

/* Begin PBXGroup section */
		3E230B1F1BC887F9000162A3 = {
			isa = PBXGroup;
			children = (
				3E230B2A1BC887F9000162A3 /* AVPlayer */,
				3E230B291BC887F9000162A3 /* Products */,
			);
			sourceTree = "<group>";
		};
		3E230B291BC887F9000162A3 /* Products */ = {
			isa = PBXGroup;
			children = (
				3E230B281BC887F9000162A3 /* AVPlayer.app */,
			);
			name = Products;
			sourceTree = "<group>";
		};
		3E230B2A1BC887F9000162A3 /* AVPlayer */ = {
			isa = PBXGroup;
			children = (
				3E230B2B1BC887F9000162A3 /* AppDelegate.swift */,
				3E7E2E051BCEB1EA005415C3 /* MusicListViewController.swift */,
				3E230B2F1BC887F9000162A3 /* MovieListViewController.swift */,
				3E230B311BC887F9000162A3 /* Main.storyboard */,
				3E230B341BC887F9000162A3 /* Assets.xcassets */,
				3E230B361BC887F9000162A3 /* LaunchScreen.storyboard */,
				3E230B391BC887F9000162A3 /* Info.plist */,
			);
			path = AVPlayer;
			sourceTree = "<group>";
		};
/* End PBXGroup section */

/* Begin PBXNativeTarget section */
		3E230B271BC887F9000162A3 /* AVPlayer */ = {
			isa = PBXNativeTarget;
			buildConfigurationList = 3E230B3C1BC887F9000162A3 /* Build configuration list for PBXNativeTarget "AVPlayer" */;
			buildPhases = (
				3E230B241BC887F9000162A3 /* Sources */,
				3E230B251BC887F9000162A3 /* Frameworks */,
				3E230B261BC887F9000162A3 /* Resources */,
			);
			buildRules = (
			);
			dependencies = (
			);
			name = AVPlayer;
			productName = AVPlayer;
			productReference = 3E230B281BC887F9000162A3 /* AVPlayer.app */;
			productType = "com.apple.product-type.application";
		};
/* End PBXNativeTarget section */

/* Begin PBXProject section */
		3E230B201BC887F9000162A3 /* Project object */ = {
			isa = PBXProject;
			attributes = {
				LastUpgradeCheck = 0700;
				ORGANIZATIONNAME = shoeisha;
				TargetAttributes = {
					3E230B271BC887F9000162A3 = {
						CreatedOnToolsVersion = 7.0.1;
						SystemCapabilities = {
							com.apple.BackgroundModes = {
								enabled = 1;
							};
						};
					};
				};
			};
			buildConfigurationList = 3E230B231BC887F9000162A3 /* Build configuration list for PBXProject "AVPlayer" */;
			compatibilityVersion = "Xcode 3.2";
			developmentRegion = English;
			hasScannedForEncodings = 0;
			knownRegions = (
				en,
				Base,
			);
			mainGroup = 3E230B1F1BC887F9000162A3;
			productRefGroup = 3E230B291BC887F9000162A3 /* Products */;
			projectDirPath = "";
			projectRoot = "";
			targets = (
				3E230B271BC887F9000162A3 /* AVPlayer */,
			);
		};
/* End PBXProject section */

/* Begin PBXResourcesBuildPhase section */
		3E230B261BC887F9000162A3 /* Resources */ = {
			isa = PBXResourcesBuildPhase;
			buildActionMask = 2147483647;
			files = (
				3E230B381BC887F9000162A3 /* LaunchScreen.storyboard in Resources */,
				3E230B351BC887F9000162A3 /* Assets.xcassets in Resources */,
				3E230B331BC887F9000162A3 /* Main.storyboard in Resources */,
			);
			runOnlyForDeploymentPostprocessing = 0;
		};
/* End PBXResourcesBuildPhase section */

/* Begin PBXSourcesBuildPhase section */
		3E230B241BC887F9000162A3 /* Sources */ = {
			isa = PBXSourcesBuildPhase;
			buildActionMask = 2147483647;
			files = (
				3E230B301BC887F9000162A3 /* MovieListViewController.swift in Sources */,
				3E230B2C1BC887F9000162A3 /* AppDelegate.swift in Sources */,
				3E7E2E061BCEB1EA005415C3 /* MusicListViewController.swift in Sources */,
			);
			runOnlyForDeploymentPostprocessing = 0;
		};
/* End PBXSourcesBuildPhase section */

/* Begin PBXVariantGroup section */
		3E230B311BC887F9000162A3 /* Main.storyboard */ = {
			isa = PBXVariantGroup;
			children = (
				3E230B321BC887F9000162A3 /* Base */,
			);
			name = Main.storyboard;
			sourceTree = "<group>";
		};
		3E230B361BC887F9000162A3 /* LaunchScreen.storyboard */ = {
			isa = PBXVariantGroup;
			children = (
				3E230B371BC887F9000162A3 /* Base */,
			);
			name = LaunchScreen.storyboard;
			sourceTree = "<group>";
		};
/* End PBXVariantGroup section */

/* Begin XCBuildConfiguration section */
		3E230B3A1BC887F9000162A3 /* Debug */ = {
			isa = XCBuildConfiguration;
			buildSettings = {
				ALWAYS_SEARCH_USER_PATHS = NO;
				CLANG_CXX_LANGUAGE_STANDARD = "gnu++0x";
				CLANG_CXX_LIBRARY = "libc++";
				CLANG_ENABLE_MODULES = YES;
				CLANG_ENABLE_OBJC_ARC = YES;
				CLANG_WARN_BOOL_CONVERSION = YES;
				CLANG_WARN_CONSTANT_CONVERSION = YES;
				CLANG_WARN_DIRECT_OBJC_ISA_USAGE = YES_ERROR;
				CLANG_WARN_EMPTY_BODY = YES;
				CLANG_WARN_ENUM_CONVERSION = YES;
				CLANG_WARN_INT_CONVERSION = YES;
				CLANG_WARN_OBJC_ROOT_CLASS = YES_ERROR;
				CLANG_WARN_UNREACHABLE_CODE = YES;
				CLANG_WARN__DUPLICATE_METHOD_MATCH = YES;
				"CODE_SIGN_IDENTITY[sdk=iphoneos*]" = "iPhone Developer";
				COPY_PHASE_STRIP = NO;
				DEBUG_INFORMATION_FORMAT = dwarf;
				ENABLE_STRICT_OBJC_MSGSEND = YES;
				ENABLE_TESTABILITY = YES;
				GCC_C_LANGUAGE_STANDARD = gnu99;
				GCC_DYNAMIC_NO_PIC = NO;
				GCC_NO_COMMON_BLOCKS = YES;
				GCC_OPTIMIZATION_LEVEL = 0;
				GCC_PREPROCESSOR_DEFINITIONS = (
					"DEBUG=1",
					"$(inherited)",
				);
				GCC_WARN_64_TO_32_BIT_CONVERSION = YES;
				GCC_WARN_ABOUT_RETURN_TYPE = YES_ERROR;
				GCC_WARN_UNDECLARED_SELECTOR = YES;
				GCC_WARN_UNINITIALIZED_AUTOS = YES_AGGRESSIVE;
				GCC_WARN_UNUSED_FUNCTION = YES;
				GCC_WARN_UNUSED_VARIABLE = YES;
				IPHONEOS_DEPLOYMENT_TARGET = 9.0;
				MTL_ENABLE_DEBUG_INFO = YES;
				ONLY_ACTIVE_ARCH = YES;
				SDKROOT = iphoneos;
				SWIFT_OPTIMIZATION_LEVEL = "-Onone";
			};
			name = Debug;
		};
		3E230B3B1BC887F9000162A3 /* Release */ = {
			isa = XCBuildConfiguration;
			buildSettings = {
				ALWAYS_SEARCH_USER_PATHS = NO;
				CLANG_CXX_LANGUAGE_STANDARD = "gnu++0x";
				CLANG_CXX_LIBRARY = "libc++";
				CLANG_ENABLE_MODULES = YES;
				CLANG_ENABLE_OBJC_ARC = YES;
				CLANG_WARN_BOOL_CONVERSION = YES;
				CLANG_WARN_CONSTANT_CONVERSION = YES;
				CLANG_WARN_DIRECT_OBJC_ISA_USAGE = YES_ERROR;
				CLANG_WARN_EMPTY_BODY = YES;
				CLANG_WARN_ENUM_CONVERSION = YES;
				CLANG_WARN_INT_CONVERSION = YES;
				CLANG_WARN_OBJC_ROOT_CLASS = YES_ERROR;
				CLANG_WARN_UNREACHABLE_CODE = YES;
				CLANG_WARN__DUPLICATE_METHOD_MATCH = YES;
				"CODE_SIGN_IDENTITY[sdk=iphoneos*]" = "iPhone Developer";
				COPY_PHASE_STRIP = NO;
				DEBUG_INFORMATION_FORMAT = "dwarf-with-dsym";
				ENABLE_NS_ASSERTIONS = NO;
				ENABLE_STRICT_OBJC_MSGSEND = YES;
				GCC_C_LANGUAGE_STANDARD = gnu99;
				GCC_NO_COMMON_BLOCKS = YES;
				GCC_WARN_64_TO_32_BIT_CONVERSION = YES;
				GCC_WARN_ABOUT_RETURN_TYPE = YES_ERROR;
				GCC_WARN_UNDECLARED_SELECTOR = YES;
				GCC_WARN_UNINITIALIZED_AUTOS = YES_AGGRESSIVE;
				GCC_WARN_UNUSED_FUNCTION = YES;
				GCC_WARN_UNUSED_VARIABLE = YES;
				IPHONEOS_DEPLOYMENT_TARGET = 9.0;
				MTL_ENABLE_DEBUG_INFO = NO;
				SDKROOT = iphoneos;
				VALIDATE_PRODUCT = YES;
			};
			name = Release;
		};
		3E230B3D1BC887F9000162A3 /* Debug */ = {
			isa = XCBuildConfiguration;
			buildSettings = {
				ASSETCATALOG_COMPILER_APPICON_NAME = AppIcon;
				CODE_SIGN_IDENTITY = "iPhone Developer";
				"CODE_SIGN_IDENTITY[sdk=iphoneos*]" = "iPhone Developer";
				INFOPLIST_FILE = AVPlayer/Info.plist;
				LD_RUNPATH_SEARCH_PATHS = "$(inherited) @executable_path/Frameworks";
				PRODUCT_BUNDLE_IDENTIFIER = jp.co.shoeisha.swiftbook.AVPlayer;
				PRODUCT_NAME = "$(TARGET_NAME)";
				PROVISIONING_PROFILE = "";
			};
			name = Debug;
		};
		3E230B3E1BC887F9000162A3 /* Release */ = {
			isa = XCBuildConfiguration;
			buildSettings = {
				ASSETCATALOG_COMPILER_APPICON_NAME = AppIcon;
				CODE_SIGN_IDENTITY = "iPhone Developer";
				"CODE_SIGN_IDENTITY[sdk=iphoneos*]" = "iPhone Developer";
				INFOPLIST_FILE = AVPlayer/Info.plist;
				LD_RUNPATH_SEARCH_PATHS = "$(inherited) @executable_path/Frameworks";
				PRODUCT_BUNDLE_IDENTIFIER = jp.co.shoeisha.swiftbook.AVPlayer;
				PRODUCT_NAME = "$(TARGET_NAME)";
				PROVISIONING_PROFILE = "";
			};
			name = Release;
		};
/* End XCBuildConfiguration section */

/* Begin XCConfigurationList section */
		3E230B231BC887F9000162A3 /* Build configuration list for PBXProject "AVPlayer" */ = {
			isa = XCConfigurationList;
			buildConfigurations = (
				3E230B3A1BC887F9000162A3 /* Debug */,
				3E230B3B1BC887F9000162A3 /* Release */,
			);
			defaultConfigurationIsVisible = 0;
			defaultConfigurationName = Release;
		};
		3E230B3C1BC887F9000162A3 /* Build configuration list for PBXNativeTarget "AVPlayer" */ = {
			isa = XCConfigurationList;
			buildConfigurations = (
				3E230B3D1BC887F9000162A3 /* Debug */,
				3E230B3E1BC887F9000162A3 /* Release */,
			);
			defaultConfigurationIsVisible = 0;
			defaultConfigurationName = Release;
		};
/* End XCConfigurationList section */
	};
	rootObject = 3E230B201BC887F9000162A3 /* Project object */;
}
