// !$*UTF8*$!
{
	archiveVersion = 1;
	classes = {
	};
	objectVersion = 46;
	objects = {

/* Begin PBXBuildFile section */
		3E4F11501BD40C9F0051665E /* ImageViewController.swift in Sources */ = {isa = PBXBuildFile; fileRef = 3E4F114F1BD40C9F0051665E /* ImageViewController.swift */; settings = {ASSET_TAGS = (); }; };
		3E5CA3541BD40A9A00E6B890 /* AppDelegate.swift in Sources */ = {isa = PBXBuildFile; fileRef = 3E5CA3531BD40A9A00E6B890 /* AppDelegate.swift */; };
		3E5CA3561BD40A9A00E6B890 /* ViewController.swift in Sources */ = {isa = PBXBuildFile; fileRef = 3E5CA3551BD40A9A00E6B890 /* ViewController.swift */; };
		3E5CA3591BD40A9A00E6B890 /* Main.storyboard in Resources */ = {isa = PBXBuildFile; fileRef = 3E5CA3571BD40A9A00E6B890 /* Main.storyboard */; };
		3E5CA35B1BD40A9A00E6B890 /* Assets.xcassets in Resources */ = {isa = PBXBuildFile; fileRef = 3E5CA35A1BD40A9A00E6B890 /* Assets.xcassets */; };
		3E5CA35E1BD40A9A00E6B890 /* LaunchScreen.storyboard in Resources */ = {isa = PBXBuildFile; fileRef = 3E5CA35C1BD40A9A00E6B890 /* LaunchScreen.storyboard */; };
/* End PBXBuildFile section */

/* Begin PBXFileReference section */
		3E4F114F1BD40C9F0051665E /* ImageViewController.swift */ = {isa = PBXFileReference; fileEncoding = 4; lastKnownFileType = sourcecode.swift; path = ImageViewController.swift; sourceTree = "<group>"; };
		3E5CA3501BD40A9A00E6B890 /* Photomap.app */ = {isa = PBXFileReference; explicitFileType = wrapper.application; includeInIndex = 0; path = Photomap.app; sourceTree = BUILT_PRODUCTS_DIR; };
		3E5CA3531BD40A9A00E6B890 /* AppDelegate.swift */ = {isa = PBXFileReference; lastKnownFileType = sourcecode.swift; path = AppDelegate.swift; sourceTree = "<group>"; };
		3E5CA3551BD40A9A00E6B890 /* ViewController.swift */ = {isa = PBXFileReference; lastKnownFileType = sourcecode.swift; path = ViewController.swift; sourceTree = "<group>"; };
		3E5CA3581BD40A9A00E6B890 /* Base */ = {isa = PBXFileReference; lastKnownFileType = file.storyboard; name = Base; path = Base.lproj/Main.storyboard; sourceTree = "<group>"; };
		3E5CA35A1BD40A9A00E6B890 /* Assets.xcassets */ = {isa = PBXFileReference; lastKnownFileType = folder.assetcatalog; path = Assets.xcassets; sourceTree = "<group>"; };
		3E5CA35D1BD40A9A00E6B890 /* Base */ = {isa = PBXFileReference; lastKnownFileType = file.storyboard; name = Base; path = Base.lproj/LaunchScreen.storyboard; sourceTree = "<group>"; };
		3E5CA35F1BD40A9A00E6B890 /* Info.plist */ = {isa = PBXFileReference; lastKnownFileType = text.plist.xml; path = Info.plist; sourceTree = "<group>"; };
/* End PBXFileReference section */

/* Begin PBXFrameworksBuildPhase section */
		3E5CA34D1BD40A9A00E6B890 /* Frameworks */ = {
			isa = PBXFrameworksBuildPhase;
			buildActionMask = 2147483647;
			files = (
			);
			runOnlyForDeploymentPostprocessing = 0;
		};
/* End PBXFrameworksBuildPhase section */

/* Begin PBXGroup section */
		3E5CA3471BD40A9A00E6B890 = {
			isa = PBXGroup;
			children = (
				3E5CA3521BD40A9A00E6B890 /* Photomap */,
				3E5CA3511BD40A9A00E6B890 /* Products */,
			);
			sourceTree = "<group>";
		};
		3E5CA3511BD40A9A00E6B890 /* Products */ = {
			isa = PBXGroup;
			children = (
				3E5CA3501BD40A9A00E6B890 /* Photomap.app */,
			);
			name = Products;
			sourceTree = "<group>";
		};
		3E5CA3521BD40A9A00E6B890 /* Photomap */ = {
			isa = PBXGroup;
			children = (
				3E5CA3531BD40A9A00E6B890 /* AppDelegate.swift */,
				3E5CA3551BD40A9A00E6B890 /* ViewController.swift */,
				3E5CA3571BD40A9A00E6B890 /* Main.storyboard */,
				3E5CA35A1BD40A9A00E6B890 /* Assets.xcassets */,
				3E5CA35C1BD40A9A00E6B890 /* LaunchScreen.storyboard */,
				3E5CA35F1BD40A9A00E6B890 /* Info.plist */,
				3E4F114F1BD40C9F0051665E /* ImageViewController.swift */,
			);
			path = Photomap;
			sourceTree = "<group>";
		};
/* End PBXGroup section */

/* Begin PBXNativeTarget section */
		3E5CA34F1BD40A9A00E6B890 /* Photomap */ = {
			isa = PBXNativeTarget;
			buildConfigurationList = 3E5CA3621BD40A9A00E6B890 /* Build configuration list for PBXNativeTarget "Photomap" */;
			buildPhases = (
				3E5CA34C1BD40A9A00E6B890 /* Sources */,
				3E5CA34D1BD40A9A00E6B890 /* Frameworks */,
				3E5CA34E1BD40A9A00E6B890 /* Resources */,
			);
			buildRules = (
			);
			dependencies = (
			);
			name = Photomap;
			productName = Photomap;
			productReference = 3E5CA3501BD40A9A00E6B890 /* Photomap.app */;
			productType = "com.apple.product-type.application";
		};
/* End PBXNativeTarget section */

/* Begin PBXProject section */
		3E5CA3481BD40A9A00E6B890 /* Project object */ = {
			isa = PBXProject;
			attributes = {
				LastUpgradeCheck = 0700;
				ORGANIZATIONNAME = shoeisha;
				TargetAttributes = {
					3E5CA34F1BD40A9A00E6B890 = {
						CreatedOnToolsVersion = 7.0.1;
					};
				};
			};
			buildConfigurationList = 3E5CA34B1BD40A9A00E6B890 /* Build configuration list for PBXProject "Photomap" */;
			compatibilityVersion = "Xcode 3.2";
			developmentRegion = English;
			hasScannedForEncodings = 0;
			knownRegions = (
				en,
				Base,
			);
			mainGroup = 3E5CA3471BD40A9A00E6B890;
			productRefGroup = 3E5CA3511BD40A9A00E6B890 /* Products */;
			projectDirPath = "";
			projectRoot = "";
			targets = (
				3E5CA34F1BD40A9A00E6B890 /* Photomap */,
			);
		};
/* End PBXProject section */

/* Begin PBXResourcesBuildPhase section */
		3E5CA34E1BD40A9A00E6B890 /* Resources */ = {
			isa = PBXResourcesBuildPhase;
			buildActionMask = 2147483647;
			files = (
				3E5CA35E1BD40A9A00E6B890 /* LaunchScreen.storyboard in Resources */,
				3E5CA35B1BD40A9A00E6B890 /* Assets.xcassets in Resources */,
				3E5CA3591BD40A9A00E6B890 /* Main.storyboard in Resources */,
			);
			runOnlyForDeploymentPostprocessing = 0;
		};
/* End PBXResourcesBuildPhase section */

/* Begin PBXSourcesBuildPhase section */
		3E5CA34C1BD40A9A00E6B890 /* Sources */ = {
			isa = PBXSourcesBuildPhase;
			buildActionMask = 2147483647;
			files = (
				3E5CA3561BD40A9A00E6B890 /* ViewController.swift in Sources */,
				3E4F11501BD40C9F0051665E /* ImageViewController.swift in Sources */,
				3E5CA3541BD40A9A00E6B890 /* AppDelegate.swift in Sources */,
			);
			runOnlyForDeploymentPostprocessing = 0;
		};
/* End PBXSourcesBuildPhase section */

/* Begin PBXVariantGroup section */
		3E5CA3571BD40A9A00E6B890 /* Main.storyboard */ = {
			isa = PBXVariantGroup;
			children = (
				3E5CA3581BD40A9A00E6B890 /* Base */,
			);
			name = Main.storyboard;
			sourceTree = "<group>";
		};
		3E5CA35C1BD40A9A00E6B890 /* LaunchScreen.storyboard */ = {
			isa = PBXVariantGroup;
			children = (
				3E5CA35D1BD40A9A00E6B890 /* Base */,
			);
			name = LaunchScreen.storyboard;
			sourceTree = "<group>";
		};
/* End PBXVariantGroup section */

/* Begin XCBuildConfiguration section */
		3E5CA3601BD40A9A00E6B890 /* Debug */ = {
			isa = XCBuildConfiguration;
			buildSettings = {
				ALWAYS_SEARCH_USER_PATHS = NO;
				CLANG_CXX_LANGUAGE_STANDARD = "gnu++0x";
				CLANG_CXX_LIBRARY = "libc++";
				CLANG_ENABLE_MODULES = YES;
				CLANG_ENABLE_OBJC_ARC = YES;
				CLANG_WARN_BOOL_CONVERSION = YES;
				CLANG_WARN_CONSTANT_CONVERSION = YES;
				CLANG_WARN_DIRECT_OBJC_ISA_USAGE = YES_ERROR;
				CLANG_WARN_EMPTY_BODY = YES;
				CLANG_WARN_ENUM_CONVERSION = YES;
				CLANG_WARN_INT_CONVERSION = YES;
				CLANG_WARN_OBJC_ROOT_CLASS = YES_ERROR;
				CLANG_WARN_UNREACHABLE_CODE = YES;
				CLANG_WARN__DUPLICATE_METHOD_MATCH = YES;
				"CODE_SIGN_IDENTITY[sdk=iphoneos*]" = "iPhone Developer";
				COPY_PHASE_STRIP = NO;
				DEBUG_INFORMATION_FORMAT = dwarf;
				ENABLE_STRICT_OBJC_MSGSEND = YES;
				ENABLE_TESTABILITY = YES;
				GCC_C_LANGUAGE_STANDARD = gnu99;
				GCC_DYNAMIC_NO_PIC = NO;
				GCC_NO_COMMON_BLOCKS = YES;
				GCC_OPTIMIZATION_LEVEL = 0;
				GCC_PREPROCESSOR_DEFINITIONS = (
					"DEBUG=1",
					"$(inherited)",
				);
				GCC_WARN_64_TO_32_BIT_CONVERSION = YES;
				GCC_WARN_ABOUT_RETURN_TYPE = YES_ERROR;
				GCC_WARN_UNDECLARED_SELECTOR = YES;
				GCC_WARN_UNINITIALIZED_AUTOS = YES_AGGRESSIVE;
				GCC_WARN_UNUSED_FUNCTION = YES;
				GCC_WARN_UNUSED_VARIABLE = YES;
				IPHONEOS_DEPLOYMENT_TARGET = 9.0;
				MTL_ENABLE_DEBUG_INFO = YES;
				ONLY_ACTIVE_ARCH = YES;
				SDKROOT = iphoneos;
				SWIFT_OPTIMIZATION_LEVEL = "-Onone";
			};
			name = Debug;
		};
		3E5CA3611BD40A9A00E6B890 /* Release */ = {
			isa = XCBuildConfiguration;
			buildSettings = {
				ALWAYS_SEARCH_USER_PATHS = NO;
				CLANG_CXX_LANGUAGE_STANDARD = "gnu++0x";
				CLANG_CXX_LIBRARY = "libc++";
				CLANG_ENABLE_MODULES = YES;
				CLANG_ENABLE_OBJC_ARC = YES;
				CLANG_WARN_BOOL_CONVERSION = YES;
				CLANG_WARN_CONSTANT_CONVERSION = YES;
				CLANG_WARN_DIRECT_OBJC_ISA_USAGE = YES_ERROR;
				CLANG_WARN_EMPTY_BODY = YES;
				CLANG_WARN_ENUM_CONVERSION = YES;
				CLANG_WARN_INT_CONVERSION = YES;
				CLANG_WARN_OBJC_ROOT_CLASS = YES_ERROR;
				CLANG_WARN_UNREACHABLE_CODE = YES;
				CLANG_WARN__DUPLICATE_METHOD_MATCH = YES;
				"CODE_SIGN_IDENTITY[sdk=iphoneos*]" = "iPhone Developer";
				COPY_PHASE_STRIP = NO;
				DEBUG_INFORMATION_FORMAT = "dwarf-with-dsym";
				ENABLE_NS_ASSERTIONS = NO;
				ENABLE_STRICT_OBJC_MSGSEND = YES;
				GCC_C_LANGUAGE_STANDARD = gnu99;
				GCC_NO_COMMON_BLOCKS = YES;
				GCC_WARN_64_TO_32_BIT_CONVERSION = YES;
				GCC_WARN_ABOUT_RETURN_TYPE = YES_ERROR;
				GCC_WARN_UNDECLARED_SELECTOR = YES;
				GCC_WARN_UNINITIALIZED_AUTOS = YES_AGGRESSIVE;
				GCC_WARN_UNUSED_FUNCTION = YES;
				GCC_WARN_UNUSED_VARIABLE = YES;
				IPHONEOS_DEPLOYMENT_TARGET = 9.0;
				MTL_ENABLE_DEBUG_INFO = NO;
				SDKROOT = iphoneos;
				VALIDATE_PRODUCT = YES;
			};
			name = Release;
		};
		3E5CA3631BD40A9A00E6B890 /* Debug */ = {
			isa = XCBuildConfiguration;
			buildSettings = {
				ASSETCATALOG_COMPILER_APPICON_NAME = AppIcon;
				INFOPLIST_FILE = Photomap/Info.plist;
				LD_RUNPATH_SEARCH_PATHS = "$(inherited) @executable_path/Frameworks";
				PRODUCT_BUNDLE_IDENTIFIER = jp.co.shoeisha.swiftbook.Photomap;
				PRODUCT_NAME = "$(TARGET_NAME)";
			};
			name = Debug;
		};
		3E5CA3641BD40A9A00E6B890 /* Release */ = {
			isa = XCBuildConfiguration;
			buildSettings = {
				ASSETCATALOG_COMPILER_APPICON_NAME = AppIcon;
				INFOPLIST_FILE = Photomap/Info.plist;
				LD_RUNPATH_SEARCH_PATHS = "$(inherited) @executable_path/Frameworks";
				PRODUCT_BUNDLE_IDENTIFIER = jp.co.shoeisha.swiftbook.Photomap;
				PRODUCT_NAME = "$(TARGET_NAME)";
			};
			name = Release;
		};
/* End XCBuildConfiguration section */

/* Begin XCConfigurationList section */
		3E5CA34B1BD40A9A00E6B890 /* Build configuration list for PBXProject "Photomap" */ = {
			isa = XCConfigurationList;
			buildConfigurations = (
				3E5CA3601BD40A9A00E6B890 /* Debug */,
				3E5CA3611BD40A9A00E6B890 /* Release */,
			);
			defaultConfigurationIsVisible = 0;
			defaultConfigurationName = Release;
		};
		3E5CA3621BD40A9A00E6B890 /* Build configuration list for PBXNativeTarget "Photomap" */ = {
			isa = XCConfigurationList;
			buildConfigurations = (
				3E5CA3631BD40A9A00E6B890 /* Debug */,
				3E5CA3641BD40A9A00E6B890 /* Release */,
			);
			defaultConfigurationIsVisible = 0;
			defaultConfigurationName = Release;
		};
/* End XCConfigurationList section */
	};
	rootObject = 3E5CA3481BD40A9A00E6B890 /* Project object */;
}
